
Microsoft Visual Studio Solution File, Format Version 12.00
# Visual Studio Version 17
VisualStudioVersion = 17.12.35707.178
MinimumVisualStudioVersion = 10.0.40219.1
Project("{FAE04EC0-301F-11D3-BF4B-00C04F79EFBC}") = "Backendd", "Backendd\Backendd.csproj", "{06B328EF-130C-429A-B613-268F1F9BD3B8}"
EndProject
Project("{FAE04EC0-301F-11D3-BF4B-00C04F79EFBC}") = "Frontendd", "Frontendd\Frontendd.csproj", "{F95621C6-3E3A-46F1-BA9A-E2DD496B793F}"
EndProject
Global
	GlobalSection(SolutionConfigurationPlatforms) = preSolution
		Debug|Any CPU = Debug|Any CPU
		Release|Any CPU = Release|Any CPU
	EndGlobalSection
	GlobalSection(ProjectConfigurationPlatforms) = postSolution
		{06B328EF-130C-429A-B613-268F1F9BD3B8}.Debug|Any CPU.ActiveCfg = Debug|Any CPU
		{06B328EF-130C-429A-B613-268F1F9BD3B8}.Debug|Any CPU.Build.0 = Debug|Any CPU
		{06B328EF-130C-429A-B613-268F1F9BD3B8}.Release|Any CPU.ActiveCfg = Release|Any CPU
		{06B328EF-130C-429A-B613-268F1F9BD3B8}.Release|Any CPU.Build.0 = Release|Any CPU
		{F95621C6-3E3A-46F1-BA9A-E2DD496B793F}.Debug|Any CPU.ActiveCfg = Debug|Any CPU
		{F95621C6-3E3A-46F1-BA9A-E2DD496B793F}.Debug|Any CPU.Build.0 = Debug|Any CPU
		{F95621C6-3E3A-46F1-BA9A-E2DD496B793F}.Release|Any CPU.ActiveCfg = Release|Any CPU
		{F95621C6-3E3A-46F1-BA9A-E2DD496B793F}.Release|Any CPU.Build.0 = Release|Any CPU
	EndGlobalSection
	GlobalSection(SolutionProperties) = preSolution
		HideSolutionNode = FALSE
	EndGlobalSection
EndGlobal
